
Microsoft Visual Studio Solution File, Format Version 12.00
# Visual Studio Version 16
VisualStudioVersion = 16.0.30128.74
MinimumVisualStudioVersion = 10.0.40219.1
Project("{FAE04EC0-301F-11D3-BF4B-00C04F79EFBC}") = "ExpenseWeb", "ExpenseWeb\ExpenseWeb.csproj", "{DADD7EE6-B2E8-49FF-ABCD-4D7118B2A287}"
EndProject
Global
	GlobalSection(SolutionConfigurationPlatforms) = preSolution
		Debug|Any CPU = Debug|Any CPU
		Release|Any CPU = Release|Any CPU
	EndGlobalSection
	GlobalSection(ProjectConfigurationPlatforms) = postSolution
		{DADD7EE6-B2E8-49FF-ABCD-4D7118B2A287}.Debug|Any CPU.ActiveCfg = Debug|Any CPU
		{DADD7EE6-B2E8-49FF-ABCD-4D7118B2A287}.Debug|Any CPU.Build.0 = Debug|Any CPU
		{DADD7EE6-B2E8-49FF-ABCD-4D7118B2A287}.Release|Any CPU.ActiveCfg = Release|Any CPU
		{DADD7EE6-B2E8-49FF-ABCD-4D7118B2A287}.Release|Any CPU.Build.0 = Release|Any CPU
	EndGlobalSection
	GlobalSection(SolutionProperties) = preSolution
		HideSolutionNode = FALSE
	EndGlobalSection
	GlobalSection(ExtensibilityGlobals) = postSolution
		SolutionGuid = {C22FF8B9-259E-4DBC-94B2-B51240A839ED}
	EndGlobalSection
EndGlobal
